
Microsoft Visual Studio Solution File, Format Version 10.00
# Visual Studio 2008
Project("{8BC9CEB8-8B4A-11D0-8D11-00A0C91BC942}") = "log_extract", "log_extract.vcproj", "{5401DFC5-4F1C-4B28-838C-67DB0C728E7D}"
EndProject
Project("{8BC9CEB8-8B4A-11D0-8D11-00A0C91BC942}") = "System", "..\..\..\Depends\System\System.vcproj", "{25F12A00-A19C-4819-AD69-4DE033ABA368}"
EndProject
Project("{8BC9CEB8-8B4A-11D0-8D11-00A0C91BC942}") = "SockServer", "..\..\..\Depends\SockServer\SockServer.vcproj", "{23825FCC-C7E5-4440-AF03-2C792D183D6C}"
EndProject
Project("{8BC9CEB8-8B4A-11D0-8D11-00A0C91BC942}") = "lua", "..\..\..\Depends\lua\lua.vcproj", "{42A40877-90C4-4223-9EDA-4809F48A4D41}"
EndProject
Project("{8BC9CEB8-8B4A-11D0-8D11-00A0C91BC942}") = "mysqldb", "..\..\..\Depends\mysqldb\mysqldb.vcproj", "{58553952-5051-4183-B485-CA16E2AB550D}"
EndProject
Project("{8BC9CEB8-8B4A-11D0-8D11-00A0C91BC942}") = "CommonLogic", "..\..\CommonLogic\CommonLogic.vcproj", "{48D847EA-8895-4332-875C-373BE91ACAAA}"
EndProject
Global
	GlobalSection(SolutionConfigurationPlatforms) = preSolution
		Debug DLL|Win32 = Debug DLL|Win32
		Debug DLL|x64 = Debug DLL|x64
		Debug_Dll|Win32 = Debug_Dll|Win32
		Debug_Dll|x64 = Debug_Dll|x64
		Debug_luaJIT|Win32 = Debug_luaJIT|Win32
		Debug_luaJIT|x64 = Debug_luaJIT|x64
		Debug|Win32 = Debug|Win32
		Debug|x64 = Debug|x64
		DisasmRel2|Win32 = DisasmRel2|Win32
		DisasmRel2|x64 = DisasmRel2|x64
		MFCDebug|Win32 = MFCDebug|Win32
		MFCDebug|x64 = MFCDebug|x64
		OgreMaxExporter|Win32 = OgreMaxExporter|Win32
		OgreMaxExporter|x64 = OgreMaxExporter|x64
		Release DLL|Win32 = Release DLL|Win32
		Release DLL|x64 = Release DLL|x64
		Release_Dll|Win32 = Release_Dll|Win32
		Release_Dll|x64 = Release_Dll|x64
		Release_o|Win32 = Release_o|Win32
		Release_o|x64 = Release_o|x64
		Release_Static|Win32 = Release_Static|Win32
		Release_Static|x64 = Release_Static|x64
		Release|Win32 = Release|Win32
		Release|x64 = Release|x64
		SystemRel2|Win32 = SystemRel2|Win32
		SystemRel2|x64 = SystemRel2|x64
	EndGlobalSection
	GlobalSection(ProjectConfigurationPlatforms) = postSolution
		{5401DFC5-4F1C-4B28-838C-67DB0C728E7D}.Debug DLL|Win32.ActiveCfg = Debug|Win32
		{5401DFC5-4F1C-4B28-838C-67DB0C728E7D}.Debug DLL|Win32.Build.0 = Debug|Win32
		{5401DFC5-4F1C-4B28-838C-67DB0C728E7D}.Debug DLL|x64.ActiveCfg = Debug|Win32
		{5401DFC5-4F1C-4B28-838C-67DB0C728E7D}.Debug_Dll|Win32.ActiveCfg = Debug|Win32
		{5401DFC5-4F1C-4B28-838C-67DB0C728E7D}.Debug_Dll|Win32.Build.0 = Debug|Win32
		{5401DFC5-4F1C-4B28-838C-67DB0C728E7D}.Debug_Dll|x64.ActiveCfg = Debug|Win32
		{5401DFC5-4F1C-4B28-838C-67DB0C728E7D}.Debug_luaJIT|Win32.ActiveCfg = Debug|Win32
		{5401DFC5-4F1C-4B28-838C-67DB0C728E7D}.Debug_luaJIT|Win32.Build.0 = Debug|Win32
		{5401DFC5-4F1C-4B28-838C-67DB0C728E7D}.Debug_luaJIT|x64.ActiveCfg = Debug|Win32
		{5401DFC5-4F1C-4B28-838C-67DB0C728E7D}.Debug|Win32.ActiveCfg = Debug|Win32
		{5401DFC5-4F1C-4B28-838C-67DB0C728E7D}.Debug|Win32.Build.0 = Debug|Win32
		{5401DFC5-4F1C-4B28-838C-67DB0C728E7D}.Debug|x64.ActiveCfg = Debug|Win32
		{5401DFC5-4F1C-4B28-838C-67DB0C728E7D}.DisasmRel2|Win32.ActiveCfg = Debug|Win32
		{5401DFC5-4F1C-4B28-838C-67DB0C728E7D}.DisasmRel2|Win32.Build.0 = Debug|Win32
		{5401DFC5-4F1C-4B28-838C-67DB0C728E7D}.DisasmRel2|x64.ActiveCfg = Debug|Win32
		{5401DFC5-4F1C-4B28-838C-67DB0C728E7D}.MFCDebug|Win32.ActiveCfg = Debug|Win32
		{5401DFC5-4F1C-4B28-838C-67DB0C728E7D}.MFCDebug|Win32.Build.0 = Debug|Win32
		{5401DFC5-4F1C-4B28-838C-67DB0C728E7D}.MFCDebug|x64.ActiveCfg = Debug|Win32
		{5401DFC5-4F1C-4B28-838C-67DB0C728E7D}.OgreMaxExporter|Win32.ActiveCfg = Release|Win32
		{5401DFC5-4F1C-4B28-838C-67DB0C728E7D}.OgreMaxExporter|Win32.Build.0 = Release|Win32
		{5401DFC5-4F1C-4B28-838C-67DB0C728E7D}.OgreMaxExporter|x64.ActiveCfg = Release|Win32
		{5401DFC5-4F1C-4B28-838C-67DB0C728E7D}.Release DLL|Win32.ActiveCfg = Release|Win32
		{5401DFC5-4F1C-4B28-838C-67DB0C728E7D}.Release DLL|Win32.Build.0 = Release|Win32
		{5401DFC5-4F1C-4B28-838C-67DB0C728E7D}.Release DLL|x64.ActiveCfg = Release|Win32
		{5401DFC5-4F1C-4B28-838C-67DB0C728E7D}.Release_Dll|Win32.ActiveCfg = Release|Win32
		{5401DFC5-4F1C-4B28-838C-67DB0C728E7D}.Release_Dll|Win32.Build.0 = Release|Win32
		{5401DFC5-4F1C-4B28-838C-67DB0C728E7D}.Release_Dll|x64.ActiveCfg = Release|Win32
		{5401DFC5-4F1C-4B28-838C-67DB0C728E7D}.Release_o|Win32.ActiveCfg = Release_o|Win32
		{5401DFC5-4F1C-4B28-838C-67DB0C728E7D}.Release_o|Win32.Build.0 = Release_o|Win32
		{5401DFC5-4F1C-4B28-838C-67DB0C728E7D}.Release_o|x64.ActiveCfg = Release|Win32
		{5401DFC5-4F1C-4B28-838C-67DB0C728E7D}.Release_Static|Win32.ActiveCfg = Release|Win32
		{5401DFC5-4F1C-4B28-838C-67DB0C728E7D}.Release_Static|Win32.Build.0 = Release|Win32
		{5401DFC5-4F1C-4B28-838C-67DB0C728E7D}.Release_Static|x64.ActiveCfg = Release|Win32
		{5401DFC5-4F1C-4B28-838C-67DB0C728E7D}.Release|Win32.ActiveCfg = Release|Win32
		{5401DFC5-4F1C-4B28-838C-67DB0C728E7D}.Release|Win32.Build.0 = Release|Win32
		{5401DFC5-4F1C-4B28-838C-67DB0C728E7D}.Release|x64.ActiveCfg = Release|Win32
		{5401DFC5-4F1C-4B28-838C-67DB0C728E7D}.SystemRel2|Win32.ActiveCfg = Release|Win32
		{5401DFC5-4F1C-4B28-838C-67DB0C728E7D}.SystemRel2|Win32.Build.0 = Release|Win32
		{5401DFC5-4F1C-4B28-838C-67DB0C728E7D}.SystemRel2|x64.ActiveCfg = Release|Win32
		{25F12A00-A19C-4819-AD69-4DE033ABA368}.Debug DLL|Win32.ActiveCfg = Debug|x64
		{25F12A00-A19C-4819-AD69-4DE033ABA368}.Debug DLL|x64.ActiveCfg = Debug|x64
		{25F12A00-A19C-4819-AD69-4DE033ABA368}.Debug DLL|x64.Build.0 = Debug|x64
		{25F12A00-A19C-4819-AD69-4DE033ABA368}.Debug_Dll|Win32.ActiveCfg = Debug|x64
		{25F12A00-A19C-4819-AD69-4DE033ABA368}.Debug_Dll|x64.ActiveCfg = Debug|x64
		{25F12A00-A19C-4819-AD69-4DE033ABA368}.Debug_Dll|x64.Build.0 = Debug|x64
		{25F12A00-A19C-4819-AD69-4DE033ABA368}.Debug_luaJIT|Win32.ActiveCfg = Debug|x64
		{25F12A00-A19C-4819-AD69-4DE033ABA368}.Debug_luaJIT|x64.ActiveCfg = Debug|x64
		{25F12A00-A19C-4819-AD69-4DE033ABA368}.Debug_luaJIT|x64.Build.0 = Debug|x64
		{25F12A00-A19C-4819-AD69-4DE033ABA368}.Debug|Win32.ActiveCfg = Debug|Win32
		{25F12A00-A19C-4819-AD69-4DE033ABA368}.Debug|Win32.Build.0 = Debug|Win32
		{25F12A00-A19C-4819-AD69-4DE033ABA368}.Debug|x64.ActiveCfg = Debug|x64
		{25F12A00-A19C-4819-AD69-4DE033ABA368}.Debug|x64.Build.0 = Debug|x64
		{25F12A00-A19C-4819-AD69-4DE033ABA368}.DisasmRel2|Win32.ActiveCfg = Debug|x64
		{25F12A00-A19C-4819-AD69-4DE033ABA368}.DisasmRel2|x64.ActiveCfg = Debug|x64
		{25F12A00-A19C-4819-AD69-4DE033ABA368}.DisasmRel2|x64.Build.0 = Debug|x64
		{25F12A00-A19C-4819-AD69-4DE033ABA368}.MFCDebug|Win32.ActiveCfg = Debug|Win32
		{25F12A00-A19C-4819-AD69-4DE033ABA368}.MFCDebug|Win32.Build.0 = Debug|Win32
		{25F12A00-A19C-4819-AD69-4DE033ABA368}.MFCDebug|x64.ActiveCfg = Debug|x64
		{25F12A00-A19C-4819-AD69-4DE033ABA368}.MFCDebug|x64.Build.0 = Debug|x64
		{25F12A00-A19C-4819-AD69-4DE033ABA368}.OgreMaxExporter|Win32.ActiveCfg = OgreMaxExporter|Win32
		{25F12A00-A19C-4819-AD69-4DE033ABA368}.OgreMaxExporter|Win32.Build.0 = OgreMaxExporter|Win32
		{25F12A00-A19C-4819-AD69-4DE033ABA368}.OgreMaxExporter|x64.ActiveCfg = OgreMaxExporter|x64
		{25F12A00-A19C-4819-AD69-4DE033ABA368}.OgreMaxExporter|x64.Build.0 = OgreMaxExporter|x64
		{25F12A00-A19C-4819-AD69-4DE033ABA368}.Release DLL|Win32.ActiveCfg = Release_o|x64
		{25F12A00-A19C-4819-AD69-4DE033ABA368}.Release DLL|x64.ActiveCfg = Release_o|x64
		{25F12A00-A19C-4819-AD69-4DE033ABA368}.Release DLL|x64.Build.0 = Release_o|x64
		{25F12A00-A19C-4819-AD69-4DE033ABA368}.Release_Dll|Win32.ActiveCfg = Release_Dll|Win32
		{25F12A00-A19C-4819-AD69-4DE033ABA368}.Release_Dll|Win32.Build.0 = Release_Dll|Win32
		{25F12A00-A19C-4819-AD69-4DE033ABA368}.Release_Dll|x64.ActiveCfg = Release_Dll|x64
		{25F12A00-A19C-4819-AD69-4DE033ABA368}.Release_Dll|x64.Build.0 = Release_Dll|x64
		{25F12A00-A19C-4819-AD69-4DE033ABA368}.Release_o|Win32.ActiveCfg = Release_o|Win32
		{25F12A00-A19C-4819-AD69-4DE033ABA368}.Release_o|Win32.Build.0 = Release_o|Win32
		{25F12A00-A19C-4819-AD69-4DE033ABA368}.Release_o|x64.ActiveCfg = Release_o|x64
		{25F12A00-A19C-4819-AD69-4DE033ABA368}.Release_o|x64.Build.0 = Release_o|x64
		{25F12A00-A19C-4819-AD69-4DE033ABA368}.Release_Static|Win32.ActiveCfg = Release_Static|Win32
		{25F12A00-A19C-4819-AD69-4DE033ABA368}.Release_Static|Win32.Build.0 = Release_Static|Win32
		{25F12A00-A19C-4819-AD69-4DE033ABA368}.Release_Static|x64.ActiveCfg = Release_Static|x64
		{25F12A00-A19C-4819-AD69-4DE033ABA368}.Release_Static|x64.Build.0 = Release_Static|x64
		{25F12A00-A19C-4819-AD69-4DE033ABA368}.Release|Win32.ActiveCfg = Release|Win32
		{25F12A00-A19C-4819-AD69-4DE033ABA368}.Release|Win32.Build.0 = Release|Win32
		{25F12A00-A19C-4819-AD69-4DE033ABA368}.Release|x64.ActiveCfg = Release|x64
		{25F12A00-A19C-4819-AD69-4DE033ABA368}.Release|x64.Build.0 = Release|x64
		{25F12A00-A19C-4819-AD69-4DE033ABA368}.SystemRel2|Win32.ActiveCfg = Release_o|x64
		{25F12A00-A19C-4819-AD69-4DE033ABA368}.SystemRel2|x64.ActiveCfg = Release_o|x64
		{25F12A00-A19C-4819-AD69-4DE033ABA368}.SystemRel2|x64.Build.0 = Release_o|x64
		{23825FCC-C7E5-4440-AF03-2C792D183D6C}.Debug DLL|Win32.ActiveCfg = Debug_Dll|x64
		{23825FCC-C7E5-4440-AF03-2C792D183D6C}.Debug DLL|x64.ActiveCfg = Debug_Dll|x64
		{23825FCC-C7E5-4440-AF03-2C792D183D6C}.Debug DLL|x64.Build.0 = Debug_Dll|x64
		{23825FCC-C7E5-4440-AF03-2C792D183D6C}.Debug_Dll|Win32.ActiveCfg = Debug_Dll|Win32
		{23825FCC-C7E5-4440-AF03-2C792D183D6C}.Debug_Dll|Win32.Build.0 = Debug_Dll|Win32
		{23825FCC-C7E5-4440-AF03-2C792D183D6C}.Debug_Dll|x64.ActiveCfg = Debug_Dll|x64
		{23825FCC-C7E5-4440-AF03-2C792D183D6C}.Debug_Dll|x64.Build.0 = Debug_Dll|x64
		{23825FCC-C7E5-4440-AF03-2C792D183D6C}.Debug_luaJIT|Win32.ActiveCfg = Debug_Dll|x64
		{23825FCC-C7E5-4440-AF03-2C792D183D6C}.Debug_luaJIT|x64.ActiveCfg = Debug_Dll|x64
		{23825FCC-C7E5-4440-AF03-2C792D183D6C}.Debug_luaJIT|x64.Build.0 = Debug_Dll|x64
		{23825FCC-C7E5-4440-AF03-2C792D183D6C}.Debug|Win32.ActiveCfg = Debug|Win32
		{23825FCC-C7E5-4440-AF03-2C792D183D6C}.Debug|Win32.Build.0 = Debug|Win32
		{23825FCC-C7E5-4440-AF03-2C792D183D6C}.Debug|x64.ActiveCfg = Debug|x64
		{23825FCC-C7E5-4440-AF03-2C792D183D6C}.Debug|x64.Build.0 = Debug|x64
		{23825FCC-C7E5-4440-AF03-2C792D183D6C}.DisasmRel2|Win32.ActiveCfg = DisasmRel2|Win32
		{23825FCC-C7E5-4440-AF03-2C792D183D6C}.DisasmRel2|Win32.Build.0 = DisasmRel2|Win32
		{23825FCC-C7E5-4440-AF03-2C792D183D6C}.DisasmRel2|x64.ActiveCfg = DisasmRel2|x64
		{23825FCC-C7E5-4440-AF03-2C792D183D6C}.DisasmRel2|x64.Build.0 = DisasmRel2|x64
		{23825FCC-C7E5-4440-AF03-2C792D183D6C}.MFCDebug|Win32.ActiveCfg = MFCDebug|Win32
		{23825FCC-C7E5-4440-AF03-2C792D183D6C}.MFCDebug|Win32.Build.0 = MFCDebug|Win32
		{23825FCC-C7E5-4440-AF03-2C792D183D6C}.MFCDebug|x64.ActiveCfg = MFCDebug|x64
		{23825FCC-C7E5-4440-AF03-2C792D183D6C}.MFCDebug|x64.Build.0 = MFCDebug|x64
		{23825FCC-C7E5-4440-AF03-2C792D183D6C}.OgreMaxExporter|Win32.ActiveCfg = Release_o|x64
		{23825FCC-C7E5-4440-AF03-2C792D183D6C}.OgreMaxExporter|x64.ActiveCfg = Release_o|x64
		{23825FCC-C7E5-4440-AF03-2C792D183D6C}.OgreMaxExporter|x64.Build.0 = Release_o|x64
		{23825FCC-C7E5-4440-AF03-2C792D183D6C}.Release DLL|Win32.ActiveCfg = Release_o|x64
		{23825FCC-C7E5-4440-AF03-2C792D183D6C}.Release DLL|x64.ActiveCfg = Release_o|x64
		{23825FCC-C7E5-4440-AF03-2C792D183D6C}.Release DLL|x64.Build.0 = Release_o|x64
		{23825FCC-C7E5-4440-AF03-2C792D183D6C}.Release_Dll|Win32.ActiveCfg = Release_Dll|Win32
		{23825FCC-C7E5-4440-AF03-2C792D183D6C}.Release_Dll|Win32.Build.0 = Release_Dll|Win32
		{23825FCC-C7E5-4440-AF03-2C792D183D6C}.Release_Dll|x64.ActiveCfg = Release_Dll|x64
		{23825FCC-C7E5-4440-AF03-2C792D183D6C}.Release_Dll|x64.Build.0 = Release_Dll|x64
		{23825FCC-C7E5-4440-AF03-2C792D183D6C}.Release_o|Win32.ActiveCfg = Release_o|Win32
		{23825FCC-C7E5-4440-AF03-2C792D183D6C}.Release_o|Win32.Build.0 = Release_o|Win32
		{23825FCC-C7E5-4440-AF03-2C792D183D6C}.Release_o|x64.ActiveCfg = Release_o|x64
		{23825FCC-C7E5-4440-AF03-2C792D183D6C}.Release_o|x64.Build.0 = Release_o|x64
		{23825FCC-C7E5-4440-AF03-2C792D183D6C}.Release_Static|Win32.ActiveCfg = Release_o|x64
		{23825FCC-C7E5-4440-AF03-2C792D183D6C}.Release_Static|x64.ActiveCfg = Release_o|x64
		{23825FCC-C7E5-4440-AF03-2C792D183D6C}.Release_Static|x64.Build.0 = Release_o|x64
		{23825FCC-C7E5-4440-AF03-2C792D183D6C}.Release|Win32.ActiveCfg = Release|Win32
		{23825FCC-C7E5-4440-AF03-2C792D183D6C}.Release|Win32.Build.0 = Release|Win32
		{23825FCC-C7E5-4440-AF03-2C792D183D6C}.Release|x64.ActiveCfg = Release|x64
		{23825FCC-C7E5-4440-AF03-2C792D183D6C}.Release|x64.Build.0 = Release|x64
		{23825FCC-C7E5-4440-AF03-2C792D183D6C}.SystemRel2|Win32.ActiveCfg = SystemRel2|Win32
		{23825FCC-C7E5-4440-AF03-2C792D183D6C}.SystemRel2|Win32.Build.0 = SystemRel2|Win32
		{23825FCC-C7E5-4440-AF03-2C792D183D6C}.SystemRel2|x64.ActiveCfg = SystemRel2|x64
		{23825FCC-C7E5-4440-AF03-2C792D183D6C}.SystemRel2|x64.Build.0 = SystemRel2|x64
		{42A40877-90C4-4223-9EDA-4809F48A4D41}.Debug DLL|Win32.ActiveCfg = Debug_luaJIT|x64
		{42A40877-90C4-4223-9EDA-4809F48A4D41}.Debug DLL|x64.ActiveCfg = Debug_luaJIT|x64
		{42A40877-90C4-4223-9EDA-4809F48A4D41}.Debug DLL|x64.Build.0 = Debug_luaJIT|x64
		{42A40877-90C4-4223-9EDA-4809F48A4D41}.Debug_Dll|Win32.ActiveCfg = Debug_luaJIT|x64
		{42A40877-90C4-4223-9EDA-4809F48A4D41}.Debug_Dll|x64.ActiveCfg = Debug_luaJIT|x64
		{42A40877-90C4-4223-9EDA-4809F48A4D41}.Debug_Dll|x64.Build.0 = Debug_luaJIT|x64
		{42A40877-90C4-4223-9EDA-4809F48A4D41}.Debug_luaJIT|Win32.ActiveCfg = Debug_luaJIT|Win32
		{42A40877-90C4-4223-9EDA-4809F48A4D41}.Debug_luaJIT|Win32.Build.0 = Debug_luaJIT|Win32
		{42A40877-90C4-4223-9EDA-4809F48A4D41}.Debug_luaJIT|x64.ActiveCfg = Debug_luaJIT|x64
		{42A40877-90C4-4223-9EDA-4809F48A4D41}.Debug_luaJIT|x64.Build.0 = Debug_luaJIT|x64
		{42A40877-90C4-4223-9EDA-4809F48A4D41}.Debug|Win32.ActiveCfg = Debug|Win32
		{42A40877-90C4-4223-9EDA-4809F48A4D41}.Debug|Win32.Build.0 = Debug|Win32
		{42A40877-90C4-4223-9EDA-4809F48A4D41}.Debug|x64.ActiveCfg = Debug|x64
		{42A40877-90C4-4223-9EDA-4809F48A4D41}.Debug|x64.Build.0 = Debug|x64
		{42A40877-90C4-4223-9EDA-4809F48A4D41}.DisasmRel2|Win32.ActiveCfg = Debug_luaJIT|x64
		{42A40877-90C4-4223-9EDA-4809F48A4D41}.DisasmRel2|x64.ActiveCfg = Debug_luaJIT|x64
		{42A40877-90C4-4223-9EDA-4809F48A4D41}.DisasmRel2|x64.Build.0 = Debug_luaJIT|x64
		{42A40877-90C4-4223-9EDA-4809F48A4D41}.MFCDebug|Win32.ActiveCfg = Debug|Win32
		{42A40877-90C4-4223-9EDA-4809F48A4D41}.MFCDebug|Win32.Build.0 = Debug|Win32
		{42A40877-90C4-4223-9EDA-4809F48A4D41}.MFCDebug|x64.ActiveCfg = Debug|x64
		{42A40877-90C4-4223-9EDA-4809F48A4D41}.MFCDebug|x64.Build.0 = Debug|x64
		{42A40877-90C4-4223-9EDA-4809F48A4D41}.OgreMaxExporter|Win32.ActiveCfg = Debug_luaJIT|x64
		{42A40877-90C4-4223-9EDA-4809F48A4D41}.OgreMaxExporter|x64.ActiveCfg = Debug_luaJIT|x64
		{42A40877-90C4-4223-9EDA-4809F48A4D41}.OgreMaxExporter|x64.Build.0 = Debug_luaJIT|x64
		{42A40877-90C4-4223-9EDA-4809F48A4D41}.Release DLL|Win32.ActiveCfg = Release_Dll|x64
		{42A40877-90C4-4223-9EDA-4809F48A4D41}.Release DLL|x64.ActiveCfg = Release_Dll|x64
		{42A40877-90C4-4223-9EDA-4809F48A4D41}.Release DLL|x64.Build.0 = Release_Dll|x64
		{42A40877-90C4-4223-9EDA-4809F48A4D41}.Release_Dll|Win32.ActiveCfg = Release_Dll|Win32
		{42A40877-90C4-4223-9EDA-4809F48A4D41}.Release_Dll|Win32.Build.0 = Release_Dll|Win32
		{42A40877-90C4-4223-9EDA-4809F48A4D41}.Release_Dll|x64.ActiveCfg = Release_Dll|x64
		{42A40877-90C4-4223-9EDA-4809F48A4D41}.Release_Dll|x64.Build.0 = Release_Dll|x64
		{42A40877-90C4-4223-9EDA-4809F48A4D41}.Release_o|Win32.ActiveCfg = Release_o|x64
		{42A40877-90C4-4223-9EDA-4809F48A4D41}.Release_o|x64.ActiveCfg = Release_Dll|x64
		{42A40877-90C4-4223-9EDA-4809F48A4D41}.Release_o|x64.Build.0 = Release_Dll|x64
		{42A40877-90C4-4223-9EDA-4809F48A4D41}.Release_Static|Win32.ActiveCfg = Release_Dll|x64
		{42A40877-90C4-4223-9EDA-4809F48A4D41}.Release_Static|x64.ActiveCfg = Release_Dll|x64
		{42A40877-90C4-4223-9EDA-4809F48A4D41}.Release_Static|x64.Build.0 = Release_Dll|x64
		{42A40877-90C4-4223-9EDA-4809F48A4D41}.Release|Win32.ActiveCfg = Release|Win32
		{42A40877-90C4-4223-9EDA-4809F48A4D41}.Release|Win32.Build.0 = Release|Win32
		{42A40877-90C4-4223-9EDA-4809F48A4D41}.Release|x64.ActiveCfg = Release|x64
		{42A40877-90C4-4223-9EDA-4809F48A4D41}.Release|x64.Build.0 = Release|x64
		{42A40877-90C4-4223-9EDA-4809F48A4D41}.SystemRel2|Win32.ActiveCfg = Debug_luaJIT|x64
		{42A40877-90C4-4223-9EDA-4809F48A4D41}.SystemRel2|x64.ActiveCfg = Debug_luaJIT|x64
		{42A40877-90C4-4223-9EDA-4809F48A4D41}.SystemRel2|x64.Build.0 = Debug_luaJIT|x64
		{58553952-5051-4183-B485-CA16E2AB550D}.Debug DLL|Win32.ActiveCfg = Debug DLL|Win32
		{58553952-5051-4183-B485-CA16E2AB550D}.Debug DLL|Win32.Build.0 = Debug DLL|Win32
		{58553952-5051-4183-B485-CA16E2AB550D}.Debug DLL|x64.ActiveCfg = Debug DLL|x64
		{58553952-5051-4183-B485-CA16E2AB550D}.Debug DLL|x64.Build.0 = Debug DLL|x64
		{58553952-5051-4183-B485-CA16E2AB550D}.Debug_Dll|Win32.ActiveCfg = Debug DLL|x64
		{58553952-5051-4183-B485-CA16E2AB550D}.Debug_Dll|x64.ActiveCfg = Debug DLL|x64
		{58553952-5051-4183-B485-CA16E2AB550D}.Debug_Dll|x64.Build.0 = Debug DLL|x64
		{58553952-5051-4183-B485-CA16E2AB550D}.Debug_luaJIT|Win32.ActiveCfg = Debug DLL|x64
		{58553952-5051-4183-B485-CA16E2AB550D}.Debug_luaJIT|x64.ActiveCfg = Debug DLL|x64
		{58553952-5051-4183-B485-CA16E2AB550D}.Debug_luaJIT|x64.Build.0 = Debug DLL|x64
		{58553952-5051-4183-B485-CA16E2AB550D}.Debug|Win32.ActiveCfg = Debug|Win32
		{58553952-5051-4183-B485-CA16E2AB550D}.Debug|Win32.Build.0 = Debug|Win32
		{58553952-5051-4183-B485-CA16E2AB550D}.Debug|x64.ActiveCfg = Debug|x64
		{58553952-5051-4183-B485-CA16E2AB550D}.Debug|x64.Build.0 = Debug|x64
		{58553952-5051-4183-B485-CA16E2AB550D}.DisasmRel2|Win32.ActiveCfg = Debug DLL|x64
		{58553952-5051-4183-B485-CA16E2AB550D}.DisasmRel2|x64.ActiveCfg = Debug DLL|x64
		{58553952-5051-4183-B485-CA16E2AB550D}.DisasmRel2|x64.Build.0 = Debug DLL|x64
		{58553952-5051-4183-B485-CA16E2AB550D}.MFCDebug|Win32.ActiveCfg = Debug|Win32
		{58553952-5051-4183-B485-CA16E2AB550D}.MFCDebug|Win32.Build.0 = Debug|Win32
		{58553952-5051-4183-B485-CA16E2AB550D}.MFCDebug|x64.ActiveCfg = Debug|x64
		{58553952-5051-4183-B485-CA16E2AB550D}.MFCDebug|x64.Build.0 = Debug|x64
		{58553952-5051-4183-B485-CA16E2AB550D}.OgreMaxExporter|Win32.ActiveCfg = Release_o|x64
		{58553952-5051-4183-B485-CA16E2AB550D}.OgreMaxExporter|x64.ActiveCfg = Release_o|x64
		{58553952-5051-4183-B485-CA16E2AB550D}.OgreMaxExporter|x64.Build.0 = Release_o|x64
		{58553952-5051-4183-B485-CA16E2AB550D}.Release DLL|Win32.ActiveCfg = Release DLL|Win32
		{58553952-5051-4183-B485-CA16E2AB550D}.Release DLL|Win32.Build.0 = Release DLL|Win32
		{58553952-5051-4183-B485-CA16E2AB550D}.Release DLL|x64.ActiveCfg = Release DLL|x64
		{58553952-5051-4183-B485-CA16E2AB550D}.Release DLL|x64.Build.0 = Release DLL|x64
		{58553952-5051-4183-B485-CA16E2AB550D}.Release_Dll|Win32.ActiveCfg = Release_o|x64
		{58553952-5051-4183-B485-CA16E2AB550D}.Release_Dll|x64.ActiveCfg = Release_o|x64
		{58553952-5051-4183-B485-CA16E2AB550D}.Release_Dll|x64.Build.0 = Release_o|x64
		{58553952-5051-4183-B485-CA16E2AB550D}.Release_o|Win32.ActiveCfg = Release_o|Win32
		{58553952-5051-4183-B485-CA16E2AB550D}.Release_o|Win32.Build.0 = Release_o|Win32
		{58553952-5051-4183-B485-CA16E2AB550D}.Release_o|x64.ActiveCfg = Release_o|x64
		{58553952-5051-4183-B485-CA16E2AB550D}.Release_o|x64.Build.0 = Release_o|x64
		{58553952-5051-4183-B485-CA16E2AB550D}.Release_Static|Win32.ActiveCfg = Release_o|x64
		{58553952-5051-4183-B485-CA16E2AB550D}.Release_Static|x64.ActiveCfg = Release_o|x64
		{58553952-5051-4183-B485-CA16E2AB550D}.Release_Static|x64.Build.0 = Release_o|x64
		{58553952-5051-4183-B485-CA16E2AB550D}.Release|Win32.ActiveCfg = Release|Win32
		{58553952-5051-4183-B485-CA16E2AB550D}.Release|Win32.Build.0 = Release|Win32
		{58553952-5051-4183-B485-CA16E2AB550D}.Release|x64.ActiveCfg = Release|x64
		{58553952-5051-4183-B485-CA16E2AB550D}.Release|x64.Build.0 = Release|x64
		{58553952-5051-4183-B485-CA16E2AB550D}.SystemRel2|Win32.ActiveCfg = Release_o|x64
		{58553952-5051-4183-B485-CA16E2AB550D}.SystemRel2|x64.ActiveCfg = Release_o|x64
		{58553952-5051-4183-B485-CA16E2AB550D}.SystemRel2|x64.Build.0 = Release_o|x64
		{48D847EA-8895-4332-875C-373BE91ACAAA}.Debug DLL|Win32.ActiveCfg = Debug|Win32
		{48D847EA-8895-4332-875C-373BE91ACAAA}.Debug DLL|Win32.Build.0 = Debug|Win32
		{48D847EA-8895-4332-875C-373BE91ACAAA}.Debug DLL|x64.ActiveCfg = Debug|Win32
		{48D847EA-8895-4332-875C-373BE91ACAAA}.Debug_Dll|Win32.ActiveCfg = Debug|Win32
		{48D847EA-8895-4332-875C-373BE91ACAAA}.Debug_Dll|Win32.Build.0 = Debug|Win32
		{48D847EA-8895-4332-875C-373BE91ACAAA}.Debug_Dll|x64.ActiveCfg = Debug|Win32
		{48D847EA-8895-4332-875C-373BE91ACAAA}.Debug_luaJIT|Win32.ActiveCfg = Debug|Win32
		{48D847EA-8895-4332-875C-373BE91ACAAA}.Debug_luaJIT|Win32.Build.0 = Debug|Win32
		{48D847EA-8895-4332-875C-373BE91ACAAA}.Debug_luaJIT|x64.ActiveCfg = Debug|Win32
		{48D847EA-8895-4332-875C-373BE91ACAAA}.Debug|Win32.ActiveCfg = Debug|Win32
		{48D847EA-8895-4332-875C-373BE91ACAAA}.Debug|Win32.Build.0 = Debug|Win32
		{48D847EA-8895-4332-875C-373BE91ACAAA}.Debug|x64.ActiveCfg = Debug|Win32
		{48D847EA-8895-4332-875C-373BE91ACAAA}.DisasmRel2|Win32.ActiveCfg = Debug|Win32
		{48D847EA-8895-4332-875C-373BE91ACAAA}.DisasmRel2|Win32.Build.0 = Debug|Win32
		{48D847EA-8895-4332-875C-373BE91ACAAA}.DisasmRel2|x64.ActiveCfg = Debug|Win32
		{48D847EA-8895-4332-875C-373BE91ACAAA}.MFCDebug|Win32.ActiveCfg = Debug|Win32
		{48D847EA-8895-4332-875C-373BE91ACAAA}.MFCDebug|Win32.Build.0 = Debug|Win32
		{48D847EA-8895-4332-875C-373BE91ACAAA}.MFCDebug|x64.ActiveCfg = Debug|Win32
		{48D847EA-8895-4332-875C-373BE91ACAAA}.OgreMaxExporter|Win32.ActiveCfg = Release|Win32
		{48D847EA-8895-4332-875C-373BE91ACAAA}.OgreMaxExporter|Win32.Build.0 = Release|Win32
		{48D847EA-8895-4332-875C-373BE91ACAAA}.OgreMaxExporter|x64.ActiveCfg = Release|Win32
		{48D847EA-8895-4332-875C-373BE91ACAAA}.Release DLL|Win32.ActiveCfg = Release|Win32
		{48D847EA-8895-4332-875C-373BE91ACAAA}.Release DLL|Win32.Build.0 = Release|Win32
		{48D847EA-8895-4332-875C-373BE91ACAAA}.Release DLL|x64.ActiveCfg = Release|Win32
		{48D847EA-8895-4332-875C-373BE91ACAAA}.Release_Dll|Win32.ActiveCfg = Release|Win32
		{48D847EA-8895-4332-875C-373BE91ACAAA}.Release_Dll|Win32.Build.0 = Release|Win32
		{48D847EA-8895-4332-875C-373BE91ACAAA}.Release_Dll|x64.ActiveCfg = Release|Win32
		{48D847EA-8895-4332-875C-373BE91ACAAA}.Release_o|Win32.ActiveCfg = Release_o|Win32
		{48D847EA-8895-4332-875C-373BE91ACAAA}.Release_o|Win32.Build.0 = Release_o|Win32
		{48D847EA-8895-4332-875C-373BE91ACAAA}.Release_o|x64.ActiveCfg = Release|Win32
		{48D847EA-8895-4332-875C-373BE91ACAAA}.Release_Static|Win32.ActiveCfg = Release|Win32
		{48D847EA-8895-4332-875C-373BE91ACAAA}.Release_Static|Win32.Build.0 = Release|Win32
		{48D847EA-8895-4332-875C-373BE91ACAAA}.Release_Static|x64.ActiveCfg = Release|Win32
		{48D847EA-8895-4332-875C-373BE91ACAAA}.Release|Win32.ActiveCfg = Release|Win32
		{48D847EA-8895-4332-875C-373BE91ACAAA}.Release|Win32.Build.0 = Release|Win32
		{48D847EA-8895-4332-875C-373BE91ACAAA}.Release|x64.ActiveCfg = Release|Win32
		{48D847EA-8895-4332-875C-373BE91ACAAA}.SystemRel2|Win32.ActiveCfg = Release|Win32
		{48D847EA-8895-4332-875C-373BE91ACAAA}.SystemRel2|Win32.Build.0 = Release|Win32
		{48D847EA-8895-4332-875C-373BE91ACAAA}.SystemRel2|x64.ActiveCfg = Release|Win32
	EndGlobalSection
	GlobalSection(SolutionProperties) = preSolution
		HideSolutionNode = FALSE
	EndGlobalSection
EndGlobal
