
Microsoft Visual Studio Solution File, Format Version 10.00
# Visual Studio 2008
Project("{8BC9CEB8-8B4A-11D0-8D11-00A0C91BC942}") = "Test", "Test.vcproj", "{BEB0A31E-B468-4A9D-B89B-0500773FF6A0}"
	ProjectSection(ProjectDependencies) = postProject
		{25F12A00-A19C-4819-AD69-4DE033ABA368} = {25F12A00-A19C-4819-AD69-4DE033ABA368}
		{07CC4419-3D96-4961-9047-CF7B43F52D39} = {07CC4419-3D96-4961-9047-CF7B43F52D39}
		{B84FF31A-5F9A-46F8-AB22-DBFC9BECE3BE} = {B84FF31A-5F9A-46F8-AB22-DBFC9BECE3BE}
		{42A40877-90C4-4223-9EDA-4809F48A4D41} = {42A40877-90C4-4223-9EDA-4809F48A4D41}
		{23825FCC-C7E5-4440-AF03-2C792D183D6C} = {23825FCC-C7E5-4440-AF03-2C792D183D6C}
	EndProjectSection
EndProject
Project("{8BC9CEB8-8B4A-11D0-8D11-00A0C91BC942}") = "CommonLogic", "..\CommonLogic\CommonLogic.vcproj", "{07CC4419-3D96-4961-9047-CF7B43F52D39}"
EndProject
Project("{8BC9CEB8-8B4A-11D0-8D11-00A0C91BC942}") = "System", "..\..\..\auroralib\V001\System\System.vcproj", "{25F12A00-A19C-4819-AD69-4DE033ABA368}"
EndProject
Project("{8BC9CEB8-8B4A-11D0-8D11-00A0C91BC942}") = "SockServer", "..\..\..\auroralib\V001\SockServer\SockServer.vcproj", "{23825FCC-C7E5-4440-AF03-2C792D183D6C}"
EndProject
Project("{8BC9CEB8-8B4A-11D0-8D11-00A0C91BC942}") = "lua", "..\..\..\auroralib\V001\lua\lua.vcproj", "{42A40877-90C4-4223-9EDA-4809F48A4D41}"
	ProjectSection(ProjectDependencies) = postProject
		{25F12A00-A19C-4819-AD69-4DE033ABA368} = {25F12A00-A19C-4819-AD69-4DE033ABA368}
	EndProjectSection
EndProject
Project("{8BC9CEB8-8B4A-11D0-8D11-00A0C91BC942}") = "libprotoc", "..\..\..\protobuf\protobuf-2.5.0\protobuf-2.5.0\vsprojects\libprotoc.vcproj", "{B84FF31A-5F9A-46F8-AB22-DBFC9BECE3BE}"
EndProject
Project("{8BC9CEB8-8B4A-11D0-8D11-00A0C91BC942}") = "libprotobuf", "..\..\..\protobuf\protobuf-2.5.0\protobuf-2.5.0\vsprojects\libprotobuf.vcproj", "{3E283F37-A4ED-41B7-A3E6-A2D89D131A30}"
EndProject
Global
	GlobalSection(SolutionConfigurationPlatforms) = preSolution
		Debug_Dll|Win32 = Debug_Dll|Win32
		Debug_Dll|x64 = Debug_Dll|x64
		Debug_luaJIT|Win32 = Debug_luaJIT|Win32
		Debug_luaJIT|x64 = Debug_luaJIT|x64
		Debug|Win32 = Debug|Win32
		Debug|x64 = Debug|x64
		DisasmRel2|Win32 = DisasmRel2|Win32
		DisasmRel2|x64 = DisasmRel2|x64
		MFCDebug|Win32 = MFCDebug|Win32
		MFCDebug|x64 = MFCDebug|x64
		OgreMaxExporter|Win32 = OgreMaxExporter|Win32
		OgreMaxExporter|x64 = OgreMaxExporter|x64
		Release_Dll|Win32 = Release_Dll|Win32
		Release_Dll|x64 = Release_Dll|x64
		Release|Win32 = Release|Win32
		Release|x64 = Release|x64
		SystemRel2|Win32 = SystemRel2|Win32
		SystemRel2|x64 = SystemRel2|x64
	EndGlobalSection
	GlobalSection(ProjectConfigurationPlatforms) = postSolution
		{BEB0A31E-B468-4A9D-B89B-0500773FF6A0}.Debug_Dll|Win32.ActiveCfg = Debug|Win32
		{BEB0A31E-B468-4A9D-B89B-0500773FF6A0}.Debug_Dll|Win32.Build.0 = Debug|Win32
		{BEB0A31E-B468-4A9D-B89B-0500773FF6A0}.Debug_Dll|x64.ActiveCfg = Debug|Win32
		{BEB0A31E-B468-4A9D-B89B-0500773FF6A0}.Debug_luaJIT|Win32.ActiveCfg = Debug|Win32
		{BEB0A31E-B468-4A9D-B89B-0500773FF6A0}.Debug_luaJIT|Win32.Build.0 = Debug|Win32
		{BEB0A31E-B468-4A9D-B89B-0500773FF6A0}.Debug_luaJIT|x64.ActiveCfg = Debug|Win32
		{BEB0A31E-B468-4A9D-B89B-0500773FF6A0}.Debug|Win32.ActiveCfg = Debug|Win32
		{BEB0A31E-B468-4A9D-B89B-0500773FF6A0}.Debug|Win32.Build.0 = Debug|Win32
		{BEB0A31E-B468-4A9D-B89B-0500773FF6A0}.Debug|x64.ActiveCfg = Debug|Win32
		{BEB0A31E-B468-4A9D-B89B-0500773FF6A0}.DisasmRel2|Win32.ActiveCfg = Debug|Win32
		{BEB0A31E-B468-4A9D-B89B-0500773FF6A0}.DisasmRel2|Win32.Build.0 = Debug|Win32
		{BEB0A31E-B468-4A9D-B89B-0500773FF6A0}.DisasmRel2|x64.ActiveCfg = Debug|Win32
		{BEB0A31E-B468-4A9D-B89B-0500773FF6A0}.MFCDebug|Win32.ActiveCfg = Debug|Win32
		{BEB0A31E-B468-4A9D-B89B-0500773FF6A0}.MFCDebug|Win32.Build.0 = Debug|Win32
		{BEB0A31E-B468-4A9D-B89B-0500773FF6A0}.MFCDebug|x64.ActiveCfg = Debug|Win32
		{BEB0A31E-B468-4A9D-B89B-0500773FF6A0}.OgreMaxExporter|Win32.ActiveCfg = Release|Win32
		{BEB0A31E-B468-4A9D-B89B-0500773FF6A0}.OgreMaxExporter|Win32.Build.0 = Release|Win32
		{BEB0A31E-B468-4A9D-B89B-0500773FF6A0}.OgreMaxExporter|x64.ActiveCfg = Release|Win32
		{BEB0A31E-B468-4A9D-B89B-0500773FF6A0}.Release_Dll|Win32.ActiveCfg = Release|Win32
		{BEB0A31E-B468-4A9D-B89B-0500773FF6A0}.Release_Dll|Win32.Build.0 = Release|Win32
		{BEB0A31E-B468-4A9D-B89B-0500773FF6A0}.Release_Dll|x64.ActiveCfg = Release|Win32
		{BEB0A31E-B468-4A9D-B89B-0500773FF6A0}.Release|Win32.ActiveCfg = Release|Win32
		{BEB0A31E-B468-4A9D-B89B-0500773FF6A0}.Release|Win32.Build.0 = Release|Win32
		{BEB0A31E-B468-4A9D-B89B-0500773FF6A0}.Release|x64.ActiveCfg = Release|Win32
		{BEB0A31E-B468-4A9D-B89B-0500773FF6A0}.SystemRel2|Win32.ActiveCfg = Release|Win32
		{BEB0A31E-B468-4A9D-B89B-0500773FF6A0}.SystemRel2|Win32.Build.0 = Release|Win32
		{BEB0A31E-B468-4A9D-B89B-0500773FF6A0}.SystemRel2|x64.ActiveCfg = Release|Win32
		{07CC4419-3D96-4961-9047-CF7B43F52D39}.Debug_Dll|Win32.ActiveCfg = Debug|Win32
		{07CC4419-3D96-4961-9047-CF7B43F52D39}.Debug_Dll|Win32.Build.0 = Debug|Win32
		{07CC4419-3D96-4961-9047-CF7B43F52D39}.Debug_Dll|x64.ActiveCfg = Debug|Win32
		{07CC4419-3D96-4961-9047-CF7B43F52D39}.Debug_luaJIT|Win32.ActiveCfg = Debug|Win32
		{07CC4419-3D96-4961-9047-CF7B43F52D39}.Debug_luaJIT|Win32.Build.0 = Debug|Win32
		{07CC4419-3D96-4961-9047-CF7B43F52D39}.Debug_luaJIT|x64.ActiveCfg = Debug|Win32
		{07CC4419-3D96-4961-9047-CF7B43F52D39}.Debug|Win32.ActiveCfg = Debug|Win32
		{07CC4419-3D96-4961-9047-CF7B43F52D39}.Debug|Win32.Build.0 = Debug|Win32
		{07CC4419-3D96-4961-9047-CF7B43F52D39}.Debug|x64.ActiveCfg = Debug|Win32
		{07CC4419-3D96-4961-9047-CF7B43F52D39}.DisasmRel2|Win32.ActiveCfg = Debug|Win32
		{07CC4419-3D96-4961-9047-CF7B43F52D39}.DisasmRel2|Win32.Build.0 = Debug|Win32
		{07CC4419-3D96-4961-9047-CF7B43F52D39}.DisasmRel2|x64.ActiveCfg = Debug|Win32
		{07CC4419-3D96-4961-9047-CF7B43F52D39}.MFCDebug|Win32.ActiveCfg = Debug|Win32
		{07CC4419-3D96-4961-9047-CF7B43F52D39}.MFCDebug|Win32.Build.0 = Debug|Win32
		{07CC4419-3D96-4961-9047-CF7B43F52D39}.MFCDebug|x64.ActiveCfg = Debug|Win32
		{07CC4419-3D96-4961-9047-CF7B43F52D39}.OgreMaxExporter|Win32.ActiveCfg = Release|Win32
		{07CC4419-3D96-4961-9047-CF7B43F52D39}.OgreMaxExporter|Win32.Build.0 = Release|Win32
		{07CC4419-3D96-4961-9047-CF7B43F52D39}.OgreMaxExporter|x64.ActiveCfg = Release|Win32
		{07CC4419-3D96-4961-9047-CF7B43F52D39}.Release_Dll|Win32.ActiveCfg = Release|Win32
		{07CC4419-3D96-4961-9047-CF7B43F52D39}.Release_Dll|Win32.Build.0 = Release|Win32
		{07CC4419-3D96-4961-9047-CF7B43F52D39}.Release_Dll|x64.ActiveCfg = Release|Win32
		{07CC4419-3D96-4961-9047-CF7B43F52D39}.Release|Win32.ActiveCfg = Release|Win32
		{07CC4419-3D96-4961-9047-CF7B43F52D39}.Release|Win32.Build.0 = Release|Win32
		{07CC4419-3D96-4961-9047-CF7B43F52D39}.Release|x64.ActiveCfg = Release|Win32
		{07CC4419-3D96-4961-9047-CF7B43F52D39}.SystemRel2|Win32.ActiveCfg = Release|Win32
		{07CC4419-3D96-4961-9047-CF7B43F52D39}.SystemRel2|Win32.Build.0 = Release|Win32
		{07CC4419-3D96-4961-9047-CF7B43F52D39}.SystemRel2|x64.ActiveCfg = Release|Win32
		{25F12A00-A19C-4819-AD69-4DE033ABA368}.Debug_Dll|Win32.ActiveCfg = Debug|x64
		{25F12A00-A19C-4819-AD69-4DE033ABA368}.Debug_Dll|x64.ActiveCfg = Debug|x64
		{25F12A00-A19C-4819-AD69-4DE033ABA368}.Debug_Dll|x64.Build.0 = Debug|x64
		{25F12A00-A19C-4819-AD69-4DE033ABA368}.Debug_luaJIT|Win32.ActiveCfg = Debug|x64
		{25F12A00-A19C-4819-AD69-4DE033ABA368}.Debug_luaJIT|x64.ActiveCfg = Debug|x64
		{25F12A00-A19C-4819-AD69-4DE033ABA368}.Debug_luaJIT|x64.Build.0 = Debug|x64
		{25F12A00-A19C-4819-AD69-4DE033ABA368}.Debug|Win32.ActiveCfg = Debug|Win32
		{25F12A00-A19C-4819-AD69-4DE033ABA368}.Debug|Win32.Build.0 = Debug|Win32
		{25F12A00-A19C-4819-AD69-4DE033ABA368}.Debug|x64.ActiveCfg = Debug|x64
		{25F12A00-A19C-4819-AD69-4DE033ABA368}.Debug|x64.Build.0 = Debug|x64
		{25F12A00-A19C-4819-AD69-4DE033ABA368}.DisasmRel2|Win32.ActiveCfg = Debug|x64
		{25F12A00-A19C-4819-AD69-4DE033ABA368}.DisasmRel2|x64.ActiveCfg = Debug|x64
		{25F12A00-A19C-4819-AD69-4DE033ABA368}.DisasmRel2|x64.Build.0 = Debug|x64
		{25F12A00-A19C-4819-AD69-4DE033ABA368}.MFCDebug|Win32.ActiveCfg = Debug|Win32
		{25F12A00-A19C-4819-AD69-4DE033ABA368}.MFCDebug|Win32.Build.0 = Debug|Win32
		{25F12A00-A19C-4819-AD69-4DE033ABA368}.MFCDebug|x64.ActiveCfg = Debug|x64
		{25F12A00-A19C-4819-AD69-4DE033ABA368}.MFCDebug|x64.Build.0 = Debug|x64
		{25F12A00-A19C-4819-AD69-4DE033ABA368}.OgreMaxExporter|Win32.ActiveCfg = OgreMaxExporter|Win32
		{25F12A00-A19C-4819-AD69-4DE033ABA368}.OgreMaxExporter|Win32.Build.0 = OgreMaxExporter|Win32
		{25F12A00-A19C-4819-AD69-4DE033ABA368}.OgreMaxExporter|x64.ActiveCfg = OgreMaxExporter|x64
		{25F12A00-A19C-4819-AD69-4DE033ABA368}.OgreMaxExporter|x64.Build.0 = OgreMaxExporter|x64
		{25F12A00-A19C-4819-AD69-4DE033ABA368}.Release_Dll|Win32.ActiveCfg = Release_Dll|Win32
		{25F12A00-A19C-4819-AD69-4DE033ABA368}.Release_Dll|Win32.Build.0 = Release_Dll|Win32
		{25F12A00-A19C-4819-AD69-4DE033ABA368}.Release_Dll|x64.ActiveCfg = Release_Dll|x64
		{25F12A00-A19C-4819-AD69-4DE033ABA368}.Release_Dll|x64.Build.0 = Release_Dll|x64
		{25F12A00-A19C-4819-AD69-4DE033ABA368}.Release|Win32.ActiveCfg = Release|Win32
		{25F12A00-A19C-4819-AD69-4DE033ABA368}.Release|Win32.Build.0 = Release|Win32
		{25F12A00-A19C-4819-AD69-4DE033ABA368}.Release|x64.ActiveCfg = Release|x64
		{25F12A00-A19C-4819-AD69-4DE033ABA368}.Release|x64.Build.0 = Release|x64
		{25F12A00-A19C-4819-AD69-4DE033ABA368}.SystemRel2|Win32.ActiveCfg = OgreMaxExporter|x64
		{25F12A00-A19C-4819-AD69-4DE033ABA368}.SystemRel2|x64.ActiveCfg = OgreMaxExporter|x64
		{25F12A00-A19C-4819-AD69-4DE033ABA368}.SystemRel2|x64.Build.0 = OgreMaxExporter|x64
		{23825FCC-C7E5-4440-AF03-2C792D183D6C}.Debug_Dll|Win32.ActiveCfg = Debug_Dll|Win32
		{23825FCC-C7E5-4440-AF03-2C792D183D6C}.Debug_Dll|Win32.Build.0 = Debug_Dll|Win32
		{23825FCC-C7E5-4440-AF03-2C792D183D6C}.Debug_Dll|x64.ActiveCfg = Debug_Dll|x64
		{23825FCC-C7E5-4440-AF03-2C792D183D6C}.Debug_Dll|x64.Build.0 = Debug_Dll|x64
		{23825FCC-C7E5-4440-AF03-2C792D183D6C}.Debug_luaJIT|Win32.ActiveCfg = Debug_Dll|x64
		{23825FCC-C7E5-4440-AF03-2C792D183D6C}.Debug_luaJIT|x64.ActiveCfg = Debug_Dll|x64
		{23825FCC-C7E5-4440-AF03-2C792D183D6C}.Debug_luaJIT|x64.Build.0 = Debug_Dll|x64
		{23825FCC-C7E5-4440-AF03-2C792D183D6C}.Debug|Win32.ActiveCfg = Debug|Win32
		{23825FCC-C7E5-4440-AF03-2C792D183D6C}.Debug|Win32.Build.0 = Debug|Win32
		{23825FCC-C7E5-4440-AF03-2C792D183D6C}.Debug|x64.ActiveCfg = Debug|x64
		{23825FCC-C7E5-4440-AF03-2C792D183D6C}.Debug|x64.Build.0 = Debug|x64
		{23825FCC-C7E5-4440-AF03-2C792D183D6C}.DisasmRel2|Win32.ActiveCfg = DisasmRel2|Win32
		{23825FCC-C7E5-4440-AF03-2C792D183D6C}.DisasmRel2|Win32.Build.0 = DisasmRel2|Win32
		{23825FCC-C7E5-4440-AF03-2C792D183D6C}.DisasmRel2|x64.ActiveCfg = DisasmRel2|x64
		{23825FCC-C7E5-4440-AF03-2C792D183D6C}.DisasmRel2|x64.Build.0 = DisasmRel2|x64
		{23825FCC-C7E5-4440-AF03-2C792D183D6C}.MFCDebug|Win32.ActiveCfg = MFCDebug|Win32
		{23825FCC-C7E5-4440-AF03-2C792D183D6C}.MFCDebug|Win32.Build.0 = MFCDebug|Win32
		{23825FCC-C7E5-4440-AF03-2C792D183D6C}.MFCDebug|x64.ActiveCfg = MFCDebug|x64
		{23825FCC-C7E5-4440-AF03-2C792D183D6C}.MFCDebug|x64.Build.0 = MFCDebug|x64
		{23825FCC-C7E5-4440-AF03-2C792D183D6C}.OgreMaxExporter|Win32.ActiveCfg = Release_Dll|x64
		{23825FCC-C7E5-4440-AF03-2C792D183D6C}.OgreMaxExporter|x64.ActiveCfg = Release_Dll|x64
		{23825FCC-C7E5-4440-AF03-2C792D183D6C}.OgreMaxExporter|x64.Build.0 = Release_Dll|x64
		{23825FCC-C7E5-4440-AF03-2C792D183D6C}.Release_Dll|Win32.ActiveCfg = Release_Dll|Win32
		{23825FCC-C7E5-4440-AF03-2C792D183D6C}.Release_Dll|Win32.Build.0 = Release_Dll|Win32
		{23825FCC-C7E5-4440-AF03-2C792D183D6C}.Release_Dll|x64.ActiveCfg = Release_Dll|x64
		{23825FCC-C7E5-4440-AF03-2C792D183D6C}.Release_Dll|x64.Build.0 = Release_Dll|x64
		{23825FCC-C7E5-4440-AF03-2C792D183D6C}.Release|Win32.ActiveCfg = Release|Win32
		{23825FCC-C7E5-4440-AF03-2C792D183D6C}.Release|Win32.Build.0 = Release|Win32
		{23825FCC-C7E5-4440-AF03-2C792D183D6C}.Release|x64.ActiveCfg = Release|x64
		{23825FCC-C7E5-4440-AF03-2C792D183D6C}.Release|x64.Build.0 = Release|x64
		{23825FCC-C7E5-4440-AF03-2C792D183D6C}.SystemRel2|Win32.ActiveCfg = SystemRel2|Win32
		{23825FCC-C7E5-4440-AF03-2C792D183D6C}.SystemRel2|Win32.Build.0 = SystemRel2|Win32
		{23825FCC-C7E5-4440-AF03-2C792D183D6C}.SystemRel2|x64.ActiveCfg = SystemRel2|x64
		{23825FCC-C7E5-4440-AF03-2C792D183D6C}.SystemRel2|x64.Build.0 = SystemRel2|x64
		{42A40877-90C4-4223-9EDA-4809F48A4D41}.Debug_Dll|Win32.ActiveCfg = Debug_luaJIT|x64
		{42A40877-90C4-4223-9EDA-4809F48A4D41}.Debug_Dll|x64.ActiveCfg = Debug_luaJIT|x64
		{42A40877-90C4-4223-9EDA-4809F48A4D41}.Debug_Dll|x64.Build.0 = Debug_luaJIT|x64
		{42A40877-90C4-4223-9EDA-4809F48A4D41}.Debug_luaJIT|Win32.ActiveCfg = Debug_luaJIT|Win32
		{42A40877-90C4-4223-9EDA-4809F48A4D41}.Debug_luaJIT|Win32.Build.0 = Debug_luaJIT|Win32
		{42A40877-90C4-4223-9EDA-4809F48A4D41}.Debug_luaJIT|x64.ActiveCfg = Debug_luaJIT|x64
		{42A40877-90C4-4223-9EDA-4809F48A4D41}.Debug_luaJIT|x64.Build.0 = Debug_luaJIT|x64
		{42A40877-90C4-4223-9EDA-4809F48A4D41}.Debug|Win32.ActiveCfg = Debug|Win32
		{42A40877-90C4-4223-9EDA-4809F48A4D41}.Debug|Win32.Build.0 = Debug|Win32
		{42A40877-90C4-4223-9EDA-4809F48A4D41}.Debug|x64.ActiveCfg = Debug|x64
		{42A40877-90C4-4223-9EDA-4809F48A4D41}.Debug|x64.Build.0 = Debug|x64
		{42A40877-90C4-4223-9EDA-4809F48A4D41}.DisasmRel2|Win32.ActiveCfg = Debug_luaJIT|x64
		{42A40877-90C4-4223-9EDA-4809F48A4D41}.DisasmRel2|x64.ActiveCfg = Debug_luaJIT|x64
		{42A40877-90C4-4223-9EDA-4809F48A4D41}.DisasmRel2|x64.Build.0 = Debug_luaJIT|x64
		{42A40877-90C4-4223-9EDA-4809F48A4D41}.MFCDebug|Win32.ActiveCfg = Debug|Win32
		{42A40877-90C4-4223-9EDA-4809F48A4D41}.MFCDebug|Win32.Build.0 = Debug|Win32
		{42A40877-90C4-4223-9EDA-4809F48A4D41}.MFCDebug|x64.ActiveCfg = Debug|x64
		{42A40877-90C4-4223-9EDA-4809F48A4D41}.MFCDebug|x64.Build.0 = Debug|x64
		{42A40877-90C4-4223-9EDA-4809F48A4D41}.OgreMaxExporter|Win32.ActiveCfg = Debug_luaJIT|x64
		{42A40877-90C4-4223-9EDA-4809F48A4D41}.OgreMaxExporter|x64.ActiveCfg = Debug_luaJIT|x64
		{42A40877-90C4-4223-9EDA-4809F48A4D41}.OgreMaxExporter|x64.Build.0 = Debug_luaJIT|x64
		{42A40877-90C4-4223-9EDA-4809F48A4D41}.Release_Dll|Win32.ActiveCfg = Release_Dll|Win32
		{42A40877-90C4-4223-9EDA-4809F48A4D41}.Release_Dll|Win32.Build.0 = Release_Dll|Win32
		{42A40877-90C4-4223-9EDA-4809F48A4D41}.Release_Dll|x64.ActiveCfg = Release_Dll|x64
		{42A40877-90C4-4223-9EDA-4809F48A4D41}.Release_Dll|x64.Build.0 = Release_Dll|x64
		{42A40877-90C4-4223-9EDA-4809F48A4D41}.Release|Win32.ActiveCfg = Release|Win32
		{42A40877-90C4-4223-9EDA-4809F48A4D41}.Release|Win32.Build.0 = Release|Win32
		{42A40877-90C4-4223-9EDA-4809F48A4D41}.Release|x64.ActiveCfg = Release|x64
		{42A40877-90C4-4223-9EDA-4809F48A4D41}.Release|x64.Build.0 = Release|x64
		{42A40877-90C4-4223-9EDA-4809F48A4D41}.SystemRel2|Win32.ActiveCfg = Debug_luaJIT|x64
		{42A40877-90C4-4223-9EDA-4809F48A4D41}.SystemRel2|x64.ActiveCfg = Debug_luaJIT|x64
		{42A40877-90C4-4223-9EDA-4809F48A4D41}.SystemRel2|x64.Build.0 = Debug_luaJIT|x64
		{B84FF31A-5F9A-46F8-AB22-DBFC9BECE3BE}.Debug_Dll|Win32.ActiveCfg = Debug|Win32
		{B84FF31A-5F9A-46F8-AB22-DBFC9BECE3BE}.Debug_Dll|Win32.Build.0 = Debug|Win32
		{B84FF31A-5F9A-46F8-AB22-DBFC9BECE3BE}.Debug_Dll|x64.ActiveCfg = Debug|Win32
		{B84FF31A-5F9A-46F8-AB22-DBFC9BECE3BE}.Debug_luaJIT|Win32.ActiveCfg = Debug|Win32
		{B84FF31A-5F9A-46F8-AB22-DBFC9BECE3BE}.Debug_luaJIT|Win32.Build.0 = Debug|Win32
		{B84FF31A-5F9A-46F8-AB22-DBFC9BECE3BE}.Debug_luaJIT|x64.ActiveCfg = Debug|Win32
		{B84FF31A-5F9A-46F8-AB22-DBFC9BECE3BE}.Debug|Win32.ActiveCfg = Debug|Win32
		{B84FF31A-5F9A-46F8-AB22-DBFC9BECE3BE}.Debug|Win32.Build.0 = Debug|Win32
		{B84FF31A-5F9A-46F8-AB22-DBFC9BECE3BE}.Debug|x64.ActiveCfg = Debug|Win32
		{B84FF31A-5F9A-46F8-AB22-DBFC9BECE3BE}.DisasmRel2|Win32.ActiveCfg = Debug|Win32
		{B84FF31A-5F9A-46F8-AB22-DBFC9BECE3BE}.DisasmRel2|Win32.Build.0 = Debug|Win32
		{B84FF31A-5F9A-46F8-AB22-DBFC9BECE3BE}.DisasmRel2|x64.ActiveCfg = Debug|Win32
		{B84FF31A-5F9A-46F8-AB22-DBFC9BECE3BE}.MFCDebug|Win32.ActiveCfg = Debug|Win32
		{B84FF31A-5F9A-46F8-AB22-DBFC9BECE3BE}.MFCDebug|Win32.Build.0 = Debug|Win32
		{B84FF31A-5F9A-46F8-AB22-DBFC9BECE3BE}.MFCDebug|x64.ActiveCfg = Debug|Win32
		{B84FF31A-5F9A-46F8-AB22-DBFC9BECE3BE}.OgreMaxExporter|Win32.ActiveCfg = Release|Win32
		{B84FF31A-5F9A-46F8-AB22-DBFC9BECE3BE}.OgreMaxExporter|Win32.Build.0 = Release|Win32
		{B84FF31A-5F9A-46F8-AB22-DBFC9BECE3BE}.OgreMaxExporter|x64.ActiveCfg = Release|Win32
		{B84FF31A-5F9A-46F8-AB22-DBFC9BECE3BE}.Release_Dll|Win32.ActiveCfg = Release|Win32
		{B84FF31A-5F9A-46F8-AB22-DBFC9BECE3BE}.Release_Dll|Win32.Build.0 = Release|Win32
		{B84FF31A-5F9A-46F8-AB22-DBFC9BECE3BE}.Release_Dll|x64.ActiveCfg = Release|Win32
		{B84FF31A-5F9A-46F8-AB22-DBFC9BECE3BE}.Release|Win32.ActiveCfg = Release|Win32
		{B84FF31A-5F9A-46F8-AB22-DBFC9BECE3BE}.Release|Win32.Build.0 = Release|Win32
		{B84FF31A-5F9A-46F8-AB22-DBFC9BECE3BE}.Release|x64.ActiveCfg = Release|Win32
		{B84FF31A-5F9A-46F8-AB22-DBFC9BECE3BE}.SystemRel2|Win32.ActiveCfg = Release|Win32
		{B84FF31A-5F9A-46F8-AB22-DBFC9BECE3BE}.SystemRel2|Win32.Build.0 = Release|Win32
		{B84FF31A-5F9A-46F8-AB22-DBFC9BECE3BE}.SystemRel2|x64.ActiveCfg = Release|Win32
		{3E283F37-A4ED-41B7-A3E6-A2D89D131A30}.Debug_Dll|Win32.ActiveCfg = Debug|Win32
		{3E283F37-A4ED-41B7-A3E6-A2D89D131A30}.Debug_Dll|Win32.Build.0 = Debug|Win32
		{3E283F37-A4ED-41B7-A3E6-A2D89D131A30}.Debug_Dll|x64.ActiveCfg = Debug|Win32
		{3E283F37-A4ED-41B7-A3E6-A2D89D131A30}.Debug_luaJIT|Win32.ActiveCfg = Debug|Win32
		{3E283F37-A4ED-41B7-A3E6-A2D89D131A30}.Debug_luaJIT|Win32.Build.0 = Debug|Win32
		{3E283F37-A4ED-41B7-A3E6-A2D89D131A30}.Debug_luaJIT|x64.ActiveCfg = Debug|Win32
		{3E283F37-A4ED-41B7-A3E6-A2D89D131A30}.Debug|Win32.ActiveCfg = Debug|Win32
		{3E283F37-A4ED-41B7-A3E6-A2D89D131A30}.Debug|Win32.Build.0 = Debug|Win32
		{3E283F37-A4ED-41B7-A3E6-A2D89D131A30}.Debug|x64.ActiveCfg = Debug|Win32
		{3E283F37-A4ED-41B7-A3E6-A2D89D131A30}.DisasmRel2|Win32.ActiveCfg = Debug|Win32
		{3E283F37-A4ED-41B7-A3E6-A2D89D131A30}.DisasmRel2|Win32.Build.0 = Debug|Win32
		{3E283F37-A4ED-41B7-A3E6-A2D89D131A30}.DisasmRel2|x64.ActiveCfg = Debug|Win32
		{3E283F37-A4ED-41B7-A3E6-A2D89D131A30}.MFCDebug|Win32.ActiveCfg = Debug|Win32
		{3E283F37-A4ED-41B7-A3E6-A2D89D131A30}.MFCDebug|Win32.Build.0 = Debug|Win32
		{3E283F37-A4ED-41B7-A3E6-A2D89D131A30}.MFCDebug|x64.ActiveCfg = Debug|Win32
		{3E283F37-A4ED-41B7-A3E6-A2D89D131A30}.OgreMaxExporter|Win32.ActiveCfg = Release|Win32
		{3E283F37-A4ED-41B7-A3E6-A2D89D131A30}.OgreMaxExporter|Win32.Build.0 = Release|Win32
		{3E283F37-A4ED-41B7-A3E6-A2D89D131A30}.OgreMaxExporter|x64.ActiveCfg = Release|Win32
		{3E283F37-A4ED-41B7-A3E6-A2D89D131A30}.Release_Dll|Win32.ActiveCfg = Release|Win32
		{3E283F37-A4ED-41B7-A3E6-A2D89D131A30}.Release_Dll|Win32.Build.0 = Release|Win32
		{3E283F37-A4ED-41B7-A3E6-A2D89D131A30}.Release_Dll|x64.ActiveCfg = Release|Win32
		{3E283F37-A4ED-41B7-A3E6-A2D89D131A30}.Release|Win32.ActiveCfg = Release|Win32
		{3E283F37-A4ED-41B7-A3E6-A2D89D131A30}.Release|Win32.Build.0 = Release|Win32
		{3E283F37-A4ED-41B7-A3E6-A2D89D131A30}.Release|x64.ActiveCfg = Release|Win32
		{3E283F37-A4ED-41B7-A3E6-A2D89D131A30}.SystemRel2|Win32.ActiveCfg = Release|Win32
		{3E283F37-A4ED-41B7-A3E6-A2D89D131A30}.SystemRel2|Win32.Build.0 = Release|Win32
		{3E283F37-A4ED-41B7-A3E6-A2D89D131A30}.SystemRel2|x64.ActiveCfg = Release|Win32
	EndGlobalSection
	GlobalSection(SolutionProperties) = preSolution
		HideSolutionNode = FALSE
	EndGlobalSection
EndGlobal
