<?xml version="1.0" encoding="utf-8"?>
<Project ToolsVersion="4.0" xmlns="http://schemas.microsoft.com/developer/msbuild/2003">
  <ItemGroup>
    <Filter Include="Source Files">
      <UniqueIdentifier>{4FC737F1-C7A5-4376-A066-2A32D752A2FF}</UniqueIdentifier>
      <Extensions>cpp;c;cxx;def;odl;idl;hpj;bat;asm;asmx</Extensions>
    </Filter>
    <Filter Include="Header Files">
      <UniqueIdentifier>{93995380-89BD-4b04-88EB-625FBE52EBFB}</UniqueIdentifier>
      <Extensions>h;hpp;hxx;hm;inl;inc;xsd</Extensions>
    </Filter>
  </ItemGroup>
  <ItemGroup>
    <ClCompile Include="JgPacketSpecific.cpp">
      <Filter>Source Files</Filter>
    </ClCompile>
    <ClCompile Include="KEpollSocket.cpp">
      <Filter>Source Files</Filter>
    </ClCompile>
    <ClCompile Include="KEpollSockServer.cpp">
      <Filter>Source Files</Filter>
    </ClCompile>
    <ClCompile Include="KIOBuffer.cpp">
      <Filter>Source Files</Filter>
    </ClCompile>
    <ClCompile Include="KIocpSocket.cpp">
      <Filter>Source Files</Filter>
    </ClCompile>
    <ClCompile Include="KIocpSockServer.cpp">
      <Filter>Source Files</Filter>
    </ClCompile>
    <ClCompile Include="KSelectSocket.cpp">
      <Filter>Source Files</Filter>
    </ClCompile>
    <ClCompile Include="KSelectSockServer.cpp">
      <Filter>Source Files</Filter>
    </ClCompile>
    <ClCompile Include="KSocketBase.cpp">
      <Filter>Source Files</Filter>
    </ClCompile>
    <ClCompile Include="KSockets.cpp">
      <Filter>Source Files</Filter>
    </ClCompile>
    <ClCompile Include="KSockServer.cpp">
      <Filter>Source Files</Filter>
    </ClCompile>
  </ItemGroup>
  <ItemGroup>
    <ClInclude Include="JgPacketSpecific.h">
      <Filter>Header Files</Filter>
    </ClInclude>
    <ClInclude Include="KEpollSocket.h">
      <Filter>Header Files</Filter>
    </ClInclude>
    <ClInclude Include="KEpollSockServer.h">
      <Filter>Header Files</Filter>
    </ClInclude>
    <ClInclude Include="KIOBuffer.h">
      <Filter>Header Files</Filter>
    </ClInclude>
    <ClInclude Include="KIocpSocket.h">
      <Filter>Header Files</Filter>
    </ClInclude>
    <ClInclude Include="KIocpSockServer.h">
      <Filter>Header Files</Filter>
    </ClInclude>
    <ClInclude Include="KSelectSocket.h">
      <Filter>Header Files</Filter>
    </ClInclude>
    <ClInclude Include="KSelectSockServer.h">
      <Filter>Header Files</Filter>
    </ClInclude>
    <ClInclude Include="KSocketBase.h">
      <Filter>Header Files</Filter>
    </ClInclude>
    <ClInclude Include="KSockets.h">
      <Filter>Header Files</Filter>
    </ClInclude>
    <ClInclude Include="KSockServer.h">
      <Filter>Header Files</Filter>
    </ClInclude>
  </ItemGroup>
</Project>