<?xml version="1.0" encoding="utf-8"?>
<Project ToolsVersion="4.0" xmlns="http://schemas.microsoft.com/developer/msbuild/2003">
  <ItemGroup>
    <Filter Include="Source Files">
      <UniqueIdentifier>{4FC737F1-C7A5-4376-A066-2A32D752A2FF}</UniqueIdentifier>
      <Extensions>cpp;c;cc;cxx;def;odl;idl;hpj;bat;asm;asmx</Extensions>
    </Filter>
    <Filter Include="Header Files">
      <UniqueIdentifier>{93995380-89BD-4b04-88EB-625FBE52EBFB}</UniqueIdentifier>
      <Extensions>h;hpp;hxx;hm;inl;inc;xsd</Extensions>
    </Filter>
  </ItemGroup>
  <ItemGroup>
    <ClCompile Include="AnalysisContext.cpp">
      <Filter>Source Files</Filter>
    </ClCompile>
    <ClCompile Include="Application.cpp">
      <Filter>Source Files</Filter>
    </ClCompile>
    <ClCompile Include="KAnalysis.cpp">
      <Filter>Source Files</Filter>
    </ClCompile>
    <ClCompile Include="KDevAnalysis.cpp">
      <Filter>Source Files</Filter>
    </ClCompile>
    <ClCompile Include="KGameAccount.cpp">
      <Filter>Source Files</Filter>
    </ClCompile>
    <ClCompile Include="KIpAnalysis.cpp">
      <Filter>Source Files</Filter>
    </ClCompile>
    <ClCompile Include="KLogFileReader.cpp">
      <Filter>Source Files</Filter>
    </ClCompile>
    <ClCompile Include="KStatusFile.cpp">
      <Filter>Source Files</Filter>
    </ClCompile>
    <ClCompile Include="l_mysql.cpp">
      <Filter>Source Files</Filter>
    </ClCompile>
    <ClCompile Include="line_processor.cpp">
      <Filter>Source Files</Filter>
    </ClCompile>
    <ClCompile Include="LogFileReader.cpp">
      <Filter>Source Files</Filter>
    </ClCompile>
    <ClCompile Include="lua_utils.cpp">
      <Filter>Source Files</Filter>
    </ClCompile>
    <ClCompile Include="main.cpp">
      <Filter>Source Files</Filter>
    </ClCompile>
    <ClCompile Include="redis_scan.cpp">
      <Filter>Source Files</Filter>
    </ClCompile>
  </ItemGroup>
  <ItemGroup>
    <ClInclude Include="AnalysisContext.h">
      <Filter>Header Files</Filter>
    </ClInclude>
    <ClInclude Include="app_defines.h">
      <Filter>Header Files</Filter>
    </ClInclude>
    <ClInclude Include="app_events.h">
      <Filter>Header Files</Filter>
    </ClInclude>
    <ClInclude Include="Application.h">
      <Filter>Header Files</Filter>
    </ClInclude>
    <ClInclude Include="KAnalysis.h">
      <Filter>Header Files</Filter>
    </ClInclude>
    <ClInclude Include="KDevAnalysis.h">
      <Filter>Header Files</Filter>
    </ClInclude>
    <ClInclude Include="KGameAccount.h">
      <Filter>Header Files</Filter>
    </ClInclude>
    <ClInclude Include="KIpAnalysis.h">
      <Filter>Header Files</Filter>
    </ClInclude>
    <ClInclude Include="KLogFileReader.h">
      <Filter>Header Files</Filter>
    </ClInclude>
    <ClInclude Include="KStatusFile.h">
      <Filter>Header Files</Filter>
    </ClInclude>
    <ClInclude Include="l_mysql.h">
      <Filter>Header Files</Filter>
    </ClInclude>
    <ClInclude Include="line_processor.h">
      <Filter>Header Files</Filter>
    </ClInclude>
    <ClInclude Include="LogFileReader.h">
      <Filter>Header Files</Filter>
    </ClInclude>
    <ClInclude Include="redis_scan.h">
      <Filter>Header Files</Filter>
    </ClInclude>
  </ItemGroup>
</Project>