
Microsoft Visual Studio Solution File, Format Version 12.00
# Visual Studio 2012
Project("{8BC9CEB8-8B4A-11D0-8D11-00A0C91BC942}") = "daily_analysis", "daily_analysis.vcxproj", "{403FE007-9BE4-4CF9-B597-F8FA7443A4E7}"
EndProject
Global
	GlobalSection(SolutionConfigurationPlatforms) = preSolution
		Debug|Win32 = Debug|Win32
		Release|Win32 = Release|Win32
	EndGlobalSection
	GlobalSection(ProjectConfigurationPlatforms) = postSolution
		{403FE007-9BE4-4CF9-B597-F8FA7443A4E7}.Debug|Win32.ActiveCfg = Debug|Win32
		{403FE007-9BE4-4CF9-B597-F8FA7443A4E7}.Debug|Win32.Build.0 = Debug|Win32
		{403FE007-9BE4-4CF9-B597-F8FA7443A4E7}.Release|Win32.ActiveCfg = Release|Win32
		{403FE007-9BE4-4CF9-B597-F8FA7443A4E7}.Release|Win32.Build.0 = Release|Win32
	EndGlobalSection
	GlobalSection(SolutionProperties) = preSolution
		HideSolutionNode = FALSE
	EndGlobalSection
EndGlobal
